
Microsoft Visual Studio Solution File, Format Version 12.00
Project("{FAE04EC0-301F-11D3-BF4B-00C04F79EFBC}") = "DunderMifflin.Api", "DunderMifflin.Api\DunderMifflin.Api.csproj", "{CB5B1B96-A9F2-43D9-BA48-8D896A7A8B4A}"
EndProject
Project("{FAE04EC0-301F-11D3-BF4B-00C04F79EFBC}") = "DunderMifflin.Mcp.Local", "DunderMifflin.Mcp.Local\DunderMifflin.Mcp.Local.csproj", "{3DA9C240-9B5F-4D29-BDAE-A8196930D194}"
EndProject
Project("{FAE04EC0-301F-11D3-BF4B-00C04F79EFBC}") = "DunderMifflin.Mcp.Remote", "DunderMifflin.Mcp.Remote\DunderMifflin.Mcp.Remote.csproj", "{E4991AD5-B3B5-41B2-A9E4-35FC2BAF69CE}"
EndProject
Project("{FAE04EC0-301F-11D3-BF4B-00C04F79EFBC}") = "DunderMifflin.Shared", "DunderMifflin.Shared\DunderMifflin.Shared.csproj", "{E937659E-6580-49BB-A248-46FFDC42B9D7}"
EndProject
Global
	GlobalSection(SolutionConfigurationPlatforms) = preSolution
		Debug|Any CPU = Debug|Any CPU
		Release|Any CPU = Release|Any CPU
	EndGlobalSection
	GlobalSection(ProjectConfigurationPlatforms) = postSolution
		{CB5B1B96-A9F2-43D9-BA48-8D896A7A8B4A}.Debug|Any CPU.ActiveCfg = Debug|Any CPU
		{CB5B1B96-A9F2-43D9-BA48-8D896A7A8B4A}.Debug|Any CPU.Build.0 = Debug|Any CPU
		{CB5B1B96-A9F2-43D9-BA48-8D896A7A8B4A}.Release|Any CPU.ActiveCfg = Release|Any CPU
		{CB5B1B96-A9F2-43D9-BA48-8D896A7A8B4A}.Release|Any CPU.Build.0 = Release|Any CPU
		{3DA9C240-9B5F-4D29-BDAE-A8196930D194}.Debug|Any CPU.ActiveCfg = Debug|Any CPU
		{3DA9C240-9B5F-4D29-BDAE-A8196930D194}.Debug|Any CPU.Build.0 = Debug|Any CPU
		{3DA9C240-9B5F-4D29-BDAE-A8196930D194}.Release|Any CPU.ActiveCfg = Release|Any CPU
		{3DA9C240-9B5F-4D29-BDAE-A8196930D194}.Release|Any CPU.Build.0 = Release|Any CPU
		{E4991AD5-B3B5-41B2-A9E4-35FC2BAF69CE}.Debug|Any CPU.ActiveCfg = Debug|Any CPU
		{E4991AD5-B3B5-41B2-A9E4-35FC2BAF69CE}.Debug|Any CPU.Build.0 = Debug|Any CPU
		{E4991AD5-B3B5-41B2-A9E4-35FC2BAF69CE}.Release|Any CPU.ActiveCfg = Release|Any CPU
		{E4991AD5-B3B5-41B2-A9E4-35FC2BAF69CE}.Release|Any CPU.Build.0 = Release|Any CPU
		{E937659E-6580-49BB-A248-46FFDC42B9D7}.Debug|Any CPU.ActiveCfg = Debug|Any CPU
		{E937659E-6580-49BB-A248-46FFDC42B9D7}.Debug|Any CPU.Build.0 = Debug|Any CPU
		{E937659E-6580-49BB-A248-46FFDC42B9D7}.Release|Any CPU.ActiveCfg = Release|Any CPU
		{E937659E-6580-49BB-A248-46FFDC42B9D7}.Release|Any CPU.Build.0 = Release|Any CPU
	EndGlobalSection
EndGlobal
